schema: '2.0'
stages:
  ingest:
    cmd: python -m src.ingestion
  preprocess:
    cmd: python -m src.preprocessing
    outs:
    - path: data/processed/processed.parquet
      hash: md5
      md5: ff9de0436a44697a6290b1f8060ddbf7
      size: 19078
  train:
    cmd: python -m src.train
    deps:
    - path: data/processed/processed.parquet
      hash: md5
      md5: 676381ef72ccbcc29d7512d078d179d9
      size: 18558
    outs:
    - path: model.pkl
      hash: md5
      md5: 23e28e645e80b7aba518d9ae5d2c7c44
      size: 1391
  download_data:
    cmd: python -m data.download_data
    outs:
    - path: data/raw/diabetes.csv
      hash: md5
      md5: f2906818eda8fcfc8f8416557ab1e6df
      size: 23873
